// !$*UTF8*$!
{
	archiveVersion = 1;
	classes = {
	};
	objectVersion = 50;
	objects = {

/* Begin PBXBuildFile section */
		0825EAA521D510D100C26BB8 /* NaiveOutcomeCounter.swift in Sources */ = {isa = PBXBuildFile; fileRef = 0825EAA421D510D100C26BB8 /* NaiveOutcomeCounter.swift */; };
		0825EAA721D510D500C26BB8 /* OutcomeCounting.swift in Sources */ = {isa = PBXBuildFile; fileRef = 0825EAA621D510D500C26BB8 /* OutcomeCounting.swift */; };
		0871220221D50E1A00B677B0 /* main.swift in Sources */ = {isa = PBXBuildFile; fileRef = 0871220121D50E1A00B677B0 /* main.swift */; };
		0875917921D5179B008AD8F1 /* NaiveOutcomeCounter.swift in Sources */ = {isa = PBXBuildFile; fileRef = 0825EAA421D510D100C26BB8 /* NaiveOutcomeCounter.swift */; };
		0875917A21D5179B008AD8F1 /* OutcomeCounting.swift in Sources */ = {isa = PBXBuildFile; fileRef = 0825EAA621D510D500C26BB8 /* OutcomeCounting.swift */; };
		0875917B21D5179B008AD8F1 /* NaiveOutcomeCounterTest.swift in Sources */ = {isa = PBXBuildFile; fileRef = 08BBA31F21D50AFD005A0E5D /* NaiveOutcomeCounterTest.swift */; };
		0875917D21D52A8B008AD8F1 /* MarginalPriceCalculation.swift in Sources */ = {isa = PBXBuildFile; fileRef = 0875917C21D52A8B008AD8F1 /* MarginalPriceCalculation.swift */; };
		0875917F21D52BFB008AD8F1 /* MarginalPriceCalculationTest.swift in Sources */ = {isa = PBXBuildFile; fileRef = 0875917E21D52BFB008AD8F1 /* MarginalPriceCalculationTest.swift */; };
		0875918021D52E0F008AD8F1 /* MarginalPriceCalculation.swift in Sources */ = {isa = PBXBuildFile; fileRef = 0875917C21D52A8B008AD8F1 /* MarginalPriceCalculation.swift */; };
		0875918221D6254E008AD8F1 /* GraphBasedOutcomeCounter.swift in Sources */ = {isa = PBXBuildFile; fileRef = 0875918121D6254E008AD8F1 /* GraphBasedOutcomeCounter.swift */; };
		0875918421D625CB008AD8F1 /* GraphBasedOutcomeCounterTest.swift in Sources */ = {isa = PBXBuildFile; fileRef = 0875918321D625CB008AD8F1 /* GraphBasedOutcomeCounterTest.swift */; };
		0875918521D625FA008AD8F1 /* GraphBasedOutcomeCounter.swift in Sources */ = {isa = PBXBuildFile; fileRef = 0875918121D6254E008AD8F1 /* GraphBasedOutcomeCounter.swift */; };
		0875918721D63935008AD8F1 /* OutcomeArray.swift in Sources */ = {isa = PBXBuildFile; fileRef = 0875918621D63935008AD8F1 /* OutcomeArray.swift */; };
		0875918821D63A31008AD8F1 /* OutcomeArray.swift in Sources */ = {isa = PBXBuildFile; fileRef = 0875918621D63935008AD8F1 /* OutcomeArray.swift */; };
/* End PBXBuildFile section */

/* Begin PBXCopyFilesBuildPhase section */
		087121FD21D50E1A00B677B0 /* CopyFiles */ = {
			isa = PBXCopyFilesBuildPhase;
			buildActionMask = 2147483647;
			dstPath = /usr/share/man/man1/;
			dstSubfolderSpec = 0;
			files = (
			);
			runOnlyForDeploymentPostprocessing = 1;
		};
/* End PBXCopyFilesBuildPhase section */

/* Begin PBXFileReference section */
		0825EAA221D5105200C26BB8 /* GlobalAutomatedMarketMaker */ = {isa = PBXFileReference; explicitFileType = "compiled.mach-o.executable"; includeInIndex = 0; path = GlobalAutomatedMarketMaker; sourceTree = BUILT_PRODUCTS_DIR; };
		0825EAA421D510D100C26BB8 /* NaiveOutcomeCounter.swift */ = {isa = PBXFileReference; lastKnownFileType = sourcecode.swift; path = NaiveOutcomeCounter.swift; sourceTree = "<group>"; };
		0825EAA621D510D500C26BB8 /* OutcomeCounting.swift */ = {isa = PBXFileReference; lastKnownFileType = sourcecode.swift; path = OutcomeCounting.swift; sourceTree = "<group>"; };
		0871220121D50E1A00B677B0 /* main.swift */ = {isa = PBXFileReference; lastKnownFileType = sourcecode.swift; path = main.swift; sourceTree = "<group>"; };
		0875917121D51713008AD8F1 /* GlobalAutomatedMarketMakerUnitTest.xctest */ = {isa = PBXFileReference; explicitFileType = wrapper.cfbundle; includeInIndex = 0; path = GlobalAutomatedMarketMakerUnitTest.xctest; sourceTree = BUILT_PRODUCTS_DIR; };
		0875917521D51713008AD8F1 /* Info.plist */ = {isa = PBXFileReference; lastKnownFileType = text.plist.xml; path = Info.plist; sourceTree = "<group>"; };
		0875917C21D52A8B008AD8F1 /* MarginalPriceCalculation.swift */ = {isa = PBXFileReference; lastKnownFileType = sourcecode.swift; path = MarginalPriceCalculation.swift; sourceTree = "<group>"; };
		0875917E21D52BFB008AD8F1 /* MarginalPriceCalculationTest.swift */ = {isa = PBXFileReference; lastKnownFileType = sourcecode.swift; path = MarginalPriceCalculationTest.swift; sourceTree = "<group>"; };
		0875918121D6254E008AD8F1 /* GraphBasedOutcomeCounter.swift */ = {isa = PBXFileReference; lastKnownFileType = sourcecode.swift; path = GraphBasedOutcomeCounter.swift; sourceTree = "<group>"; };
		0875918321D625CB008AD8F1 /* GraphBasedOutcomeCounterTest.swift */ = {isa = PBXFileReference; lastKnownFileType = sourcecode.swift; path = GraphBasedOutcomeCounterTest.swift; sourceTree = "<group>"; };
		0875918621D63935008AD8F1 /* OutcomeArray.swift */ = {isa = PBXFileReference; lastKnownFileType = sourcecode.swift; path = OutcomeArray.swift; sourceTree = "<group>"; };
		08BBA31F21D50AFD005A0E5D /* NaiveOutcomeCounterTest.swift */ = {isa = PBXFileReference; lastKnownFileType = sourcecode.swift; path = NaiveOutcomeCounterTest.swift; sourceTree = "<group>"; };
/* End PBXFileReference section */

/* Begin PBXFrameworksBuildPhase section */
		087121FC21D50E1A00B677B0 /* Frameworks */ = {
			isa = PBXFrameworksBuildPhase;
			buildActionMask = 2147483647;
			files = (
			);
			runOnlyForDeploymentPostprocessing = 0;
		};
		0875916E21D51713008AD8F1 /* Frameworks */ = {
			isa = PBXFrameworksBuildPhase;
			buildActionMask = 2147483647;
			files = (
			);
			runOnlyForDeploymentPostprocessing = 0;
		};
/* End PBXFrameworksBuildPhase section */

/* Begin PBXGroup section */
		0871220021D50E1A00B677B0 /* GlobalAutomatedMarketMaker */ = {
			isa = PBXGroup;
			children = (
				0825EAA421D510D100C26BB8 /* NaiveOutcomeCounter.swift */,
				0825EAA621D510D500C26BB8 /* OutcomeCounting.swift */,
				0871220121D50E1A00B677B0 /* main.swift */,
				0875917C21D52A8B008AD8F1 /* MarginalPriceCalculation.swift */,
				0875918121D6254E008AD8F1 /* GraphBasedOutcomeCounter.swift */,
				0875918621D63935008AD8F1 /* OutcomeArray.swift */,
			);
			path = GlobalAutomatedMarketMaker;
			sourceTree = "<group>";
		};
		0875917221D51713008AD8F1 /* GlobalAutomatedMarketMakerUnitTest */ = {
			isa = PBXGroup;
			children = (
				0875918321D625CB008AD8F1 /* GraphBasedOutcomeCounterTest.swift */,
				08BBA31F21D50AFD005A0E5D /* NaiveOutcomeCounterTest.swift */,
				0875917521D51713008AD8F1 /* Info.plist */,
				0875917E21D52BFB008AD8F1 /* MarginalPriceCalculationTest.swift */,
			);
			path = GlobalAutomatedMarketMakerUnitTest;
			sourceTree = "<group>";
		};
		08BBA31421D50863005A0E5D = {
			isa = PBXGroup;
			children = (
				0871220021D50E1A00B677B0 /* GlobalAutomatedMarketMaker */,
				0825EAA221D5105200C26BB8 /* GlobalAutomatedMarketMaker */,
				0875917121D51713008AD8F1 /* GlobalAutomatedMarketMakerUnitTest.xctest */,
				0875917221D51713008AD8F1 /* GlobalAutomatedMarketMakerUnitTest */,
			);
			sourceTree = "<group>";
		};
/* End PBXGroup section */

/* Begin PBXNativeTarget section */
		087121FE21D50E1A00B677B0 /* GlobalAutomatedMarketMaker */ = {
			isa = PBXNativeTarget;
			buildConfigurationList = 0871220321D50E1A00B677B0 /* Build configuration list for PBXNativeTarget "GlobalAutomatedMarketMaker" */;
			buildPhases = (
				087121FB21D50E1A00B677B0 /* Sources */,
				087121FC21D50E1A00B677B0 /* Frameworks */,
				087121FD21D50E1A00B677B0 /* CopyFiles */,
			);
			buildRules = (
			);
			dependencies = (
			);
			name = GlobalAutomatedMarketMaker;
			productName = GlobalAutomatedMarketMaker;
			productReference = 0825EAA221D5105200C26BB8 /* GlobalAutomatedMarketMaker */;
			productType = "com.apple.product-type.tool";
		};
		0875917021D51713008AD8F1 /* GlobalAutomatedMarketMakerUnitTest */ = {
			isa = PBXNativeTarget;
			buildConfigurationList = 0875917821D51713008AD8F1 /* Build configuration list for PBXNativeTarget "GlobalAutomatedMarketMakerUnitTest" */;
			buildPhases = (
				0875916D21D51713008AD8F1 /* Sources */,
				0875916E21D51713008AD8F1 /* Frameworks */,
				0875916F21D51713008AD8F1 /* Resources */,
			);
			buildRules = (
			);
			dependencies = (
			);
			name = GlobalAutomatedMarketMakerUnitTest;
			productName = GlobalAutomatedMarketMakerUnitTest;
			productReference = 0875917121D51713008AD8F1 /* GlobalAutomatedMarketMakerUnitTest.xctest */;
			productType = "com.apple.product-type.bundle.unit-test";
		};
/* End PBXNativeTarget section */

/* Begin PBXProject section */
		08BBA31521D50863005A0E5D /* Project object */ = {
			isa = PBXProject;
			attributes = {
				LastSwiftUpdateCheck = 1010;
				LastUpgradeCheck = 1010;
				TargetAttributes = {
					087121FE21D50E1A00B677B0 = {
						CreatedOnToolsVersion = 10.1;
					};
					0875917021D51713008AD8F1 = {
						CreatedOnToolsVersion = 10.1;
					};
				};
			};
			buildConfigurationList = 08BBA31821D50863005A0E5D /* Build configuration list for PBXProject "GlobalAutomatedMarketMaker" */;
			compatibilityVersion = "Xcode 9.3";
			developmentRegion = en;
			hasScannedForEncodings = 0;
			knownRegions = (
				en,
			);
			mainGroup = 08BBA31421D50863005A0E5D;
			productRefGroup = 08BBA31421D50863005A0E5D;
			projectDirPath = "";
			projectRoot = "";
			targets = (
				087121FE21D50E1A00B677B0 /* GlobalAutomatedMarketMaker */,
				0875917021D51713008AD8F1 /* GlobalAutomatedMarketMakerUnitTest */,
			);
		};
/* End PBXProject section */

/* Begin PBXResourcesBuildPhase section */
		0875916F21D51713008AD8F1 /* Resources */ = {
			isa = PBXResourcesBuildPhase;
			buildActionMask = 2147483647;
			files = (
			);
			runOnlyForDeploymentPostprocessing = 0;
		};
/* End PBXResourcesBuildPhase section */

/* Begin PBXSourcesBuildPhase section */
		087121FB21D50E1A00B677B0 /* Sources */ = {
			isa = PBXSourcesBuildPhase;
			buildActionMask = 2147483647;
			files = (
				0875918221D6254E008AD8F1 /* GraphBasedOutcomeCounter.swift in Sources */,
				0825EAA521D510D100C26BB8 /* NaiveOutcomeCounter.swift in Sources */,
				0875918721D63935008AD8F1 /* OutcomeArray.swift in Sources */,
				0871220221D50E1A00B677B0 /* main.swift in Sources */,
				0875917D21D52A8B008AD8F1 /* MarginalPriceCalculation.swift in Sources */,
				0825EAA721D510D500C26BB8 /* OutcomeCounting.swift in Sources */,
			);
			runOnlyForDeploymentPostprocessing = 0;
		};
		0875916D21D51713008AD8F1 /* Sources */ = {
			isa = PBXSourcesBuildPhase;
			buildActionMask = 2147483647;
			files = (
				0875918821D63A31008AD8F1 /* OutcomeArray.swift in Sources */,
				0875918521D625FA008AD8F1 /* GraphBasedOutcomeCounter.swift in Sources */,
				0875918021D52E0F008AD8F1 /* MarginalPriceCalculation.swift in Sources */,
				0875917921D5179B008AD8F1 /* NaiveOutcomeCounter.swift in Sources */,
				0875917A21D5179B008AD8F1 /* OutcomeCounting.swift in Sources */,
				0875917F21D52BFB008AD8F1 /* MarginalPriceCalculationTest.swift in Sources */,
				0875918421D625CB008AD8F1 /* GraphBasedOutcomeCounterTest.swift in Sources */,
				0875917B21D5179B008AD8F1 /* NaiveOutcomeCounterTest.swift in Sources */,
			);
			runOnlyForDeploymentPostprocessing = 0;
		};
/* End PBXSourcesBuildPhase section */

/* Begin XCBuildConfiguration section */
		0871220421D50E1A00B677B0 /* Debug */ = {
			isa = XCBuildConfiguration;
			buildSettings = {
				ALWAYS_SEARCH_USER_PATHS = NO;
				CLANG_ANALYZER_NONNULL = YES;
				CLANG_ANALYZER_NUMBER_OBJECT_CONVERSION = YES_AGGRESSIVE;
				CLANG_CXX_LANGUAGE_STANDARD = "gnu++14";
				CLANG_CXX_LIBRARY = "libc++";
				CLANG_ENABLE_MODULES = YES;
				CLANG_ENABLE_OBJC_ARC = YES;
				CLANG_ENABLE_OBJC_WEAK = YES;
				CLANG_WARN_BLOCK_CAPTURE_AUTORELEASING = YES;
				CLANG_WARN_BOOL_CONVERSION = YES;
				CLANG_WARN_COMMA = YES;
				CLANG_WARN_CONSTANT_CONVERSION = YES;
				CLANG_WARN_DEPRECATED_OBJC_IMPLEMENTATIONS = YES;
				CLANG_WARN_DIRECT_OBJC_ISA_USAGE = YES_ERROR;
				CLANG_WARN_DOCUMENTATION_COMMENTS = YES;
				CLANG_WARN_EMPTY_BODY = YES;
				CLANG_WARN_ENUM_CONVERSION = YES;
				CLANG_WARN_INFINITE_RECURSION = YES;
				CLANG_WARN_INT_CONVERSION = YES;
				CLANG_WARN_NON_LITERAL_NULL_CONVERSION = YES;
				CLANG_WARN_OBJC_IMPLICIT_RETAIN_SELF = YES;
				CLANG_WARN_OBJC_LITERAL_CONVERSION = YES;
				CLANG_WARN_OBJC_ROOT_CLASS = YES_ERROR;
				CLANG_WARN_RANGE_LOOP_ANALYSIS = YES;
				CLANG_WARN_STRICT_PROTOTYPES = YES;
				CLANG_WARN_SUSPICIOUS_MOVE = YES;
				CLANG_WARN_UNGUARDED_AVAILABILITY = YES_AGGRESSIVE;
				CLANG_WARN_UNREACHABLE_CODE = YES;
				CLANG_WARN__DUPLICATE_METHOD_MATCH = YES;
				CODE_SIGN_IDENTITY = "-";
				CODE_SIGN_STYLE = Automatic;
				COPY_PHASE_STRIP = NO;
				DEBUG_INFORMATION_FORMAT = dwarf;
				ENABLE_STRICT_OBJC_MSGSEND = YES;
				ENABLE_TESTABILITY = YES;
				GCC_C_LANGUAGE_STANDARD = gnu11;
				GCC_DYNAMIC_NO_PIC = NO;
				GCC_NO_COMMON_BLOCKS = YES;
				GCC_OPTIMIZATION_LEVEL = 0;
				GCC_PREPROCESSOR_DEFINITIONS = (
					"DEBUG=1",
					"$(inherited)",
				);
				GCC_WARN_64_TO_32_BIT_CONVERSION = YES;
				GCC_WARN_ABOUT_RETURN_TYPE = YES_ERROR;
				GCC_WARN_UNDECLARED_SELECTOR = YES;
				GCC_WARN_UNINITIALIZED_AUTOS = YES_AGGRESSIVE;
				GCC_WARN_UNUSED_FUNCTION = YES;
				GCC_WARN_UNUSED_VARIABLE = YES;
				MACOSX_DEPLOYMENT_TARGET = 10.13;
				MTL_ENABLE_DEBUG_INFO = INCLUDE_SOURCE;
				MTL_FAST_MATH = YES;
				ONLY_ACTIVE_ARCH = YES;
				PRODUCT_NAME = "$(TARGET_NAME)";
				SDKROOT = macosx;
				SWIFT_ACTIVE_COMPILATION_CONDITIONS = DEBUG;
				SWIFT_OPTIMIZATION_LEVEL = "-Onone";
				SWIFT_VERSION = 4.2;
			};
			name = Debug;
		};
		0871220521D50E1A00B677B0 /* Release */ = {
			isa = XCBuildConfiguration;
			buildSettings = {
				ALWAYS_SEARCH_USER_PATHS = NO;
				CLANG_ANALYZER_NONNULL = YES;
				CLANG_ANALYZER_NUMBER_OBJECT_CONVERSION = YES_AGGRESSIVE;
				CLANG_CXX_LANGUAGE_STANDARD = "gnu++14";
				CLANG_CXX_LIBRARY = "libc++";
				CLANG_ENABLE_MODULES = YES;
				CLANG_ENABLE_OBJC_ARC = YES;
				CLANG_ENABLE_OBJC_WEAK = YES;
				CLANG_WARN_BLOCK_CAPTURE_AUTORELEASING = YES;
				CLANG_WARN_BOOL_CONVERSION = YES;
				CLANG_WARN_COMMA = YES;
				CLANG_WARN_CONSTANT_CONVERSION = YES;
				CLANG_WARN_DEPRECATED_OBJC_IMPLEMENTATIONS = YES;
				CLANG_WARN_DIRECT_OBJC_ISA_USAGE = YES_ERROR;
				CLANG_WARN_DOCUMENTATION_COMMENTS = YES;
				CLANG_WARN_EMPTY_BODY = YES;
				CLANG_WARN_ENUM_CONVERSION = YES;
				CLANG_WARN_INFINITE_RECURSION = YES;
				CLANG_WARN_INT_CONVERSION = YES;
				CLANG_WARN_NON_LITERAL_NULL_CONVERSION = YES;
				CLANG_WARN_OBJC_IMPLICIT_RETAIN_SELF = YES;
				CLANG_WARN_OBJC_LITERAL_CONVERSION = YES;
				CLANG_WARN_OBJC_ROOT_CLASS = YES_ERROR;
				CLANG_WARN_RANGE_LOOP_ANALYSIS = YES;
				CLANG_WARN_STRICT_PROTOTYPES = YES;
				CLANG_WARN_SUSPICIOUS_MOVE = YES;
				CLANG_WARN_UNGUARDED_AVAILABILITY = YES_AGGRESSIVE;
				CLANG_WARN_UNREACHABLE_CODE = YES;
				CLANG_WARN__DUPLICATE_METHOD_MATCH = YES;
				CODE_SIGN_IDENTITY = "-";
				CODE_SIGN_STYLE = Automatic;
				COPY_PHASE_STRIP = NO;
				DEBUG_INFORMATION_FORMAT = "dwarf-with-dsym";
				ENABLE_NS_ASSERTIONS = NO;
				ENABLE_STRICT_OBJC_MSGSEND = YES;
				GCC_C_LANGUAGE_STANDARD = gnu11;
				GCC_NO_COMMON_BLOCKS = YES;
				GCC_WARN_64_TO_32_BIT_CONVERSION = YES;
				GCC_WARN_ABOUT_RETURN_TYPE = YES_ERROR;
				GCC_WARN_UNDECLARED_SELECTOR = YES;
				GCC_WARN_UNINITIALIZED_AUTOS = YES_AGGRESSIVE;
				GCC_WARN_UNUSED_FUNCTION = YES;
				GCC_WARN_UNUSED_VARIABLE = YES;
				MACOSX_DEPLOYMENT_TARGET = 10.13;
				MTL_ENABLE_DEBUG_INFO = NO;
				MTL_FAST_MATH = YES;
				PRODUCT_NAME = "$(TARGET_NAME)";
				SDKROOT = macosx;
				SWIFT_COMPILATION_MODE = wholemodule;
				SWIFT_OPTIMIZATION_LEVEL = "-O";
				SWIFT_VERSION = 4.2;
			};
			name = Release;
		};
		0875917621D51713008AD8F1 /* Debug */ = {
			isa = XCBuildConfiguration;
			buildSettings = {
				ALWAYS_SEARCH_USER_PATHS = NO;
				CLANG_ANALYZER_NONNULL = YES;
				CLANG_ANALYZER_NUMBER_OBJECT_CONVERSION = YES_AGGRESSIVE;
				CLANG_CXX_LANGUAGE_STANDARD = "gnu++14";
				CLANG_CXX_LIBRARY = "libc++";
				CLANG_ENABLE_MODULES = YES;
				CLANG_ENABLE_OBJC_ARC = YES;
				CLANG_ENABLE_OBJC_WEAK = YES;
				CLANG_WARN_BLOCK_CAPTURE_AUTORELEASING = YES;
				CLANG_WARN_BOOL_CONVERSION = YES;
				CLANG_WARN_COMMA = YES;
				CLANG_WARN_CONSTANT_CONVERSION = YES;
				CLANG_WARN_DEPRECATED_OBJC_IMPLEMENTATIONS = YES;
				CLANG_WARN_DIRECT_OBJC_ISA_USAGE = YES_ERROR;
				CLANG_WARN_DOCUMENTATION_COMMENTS = YES;
				CLANG_WARN_EMPTY_BODY = YES;
				CLANG_WARN_ENUM_CONVERSION = YES;
				CLANG_WARN_INFINITE_RECURSION = YES;
				CLANG_WARN_INT_CONVERSION = YES;
				CLANG_WARN_NON_LITERAL_NULL_CONVERSION = YES;
				CLANG_WARN_OBJC_IMPLICIT_RETAIN_SELF = YES;
				CLANG_WARN_OBJC_LITERAL_CONVERSION = YES;
				CLANG_WARN_OBJC_ROOT_CLASS = YES_ERROR;
				CLANG_WARN_RANGE_LOOP_ANALYSIS = YES;
				CLANG_WARN_STRICT_PROTOTYPES = YES;
				CLANG_WARN_SUSPICIOUS_MOVE = YES;
				CLANG_WARN_UNGUARDED_AVAILABILITY = YES_AGGRESSIVE;
				CLANG_WARN_UNREACHABLE_CODE = YES;
				CLANG_WARN__DUPLICATE_METHOD_MATCH = YES;
				CODE_SIGN_IDENTITY = "-";
				CODE_SIGN_STYLE = Automatic;
				COMBINE_HIDPI_IMAGES = YES;
				COPY_PHASE_STRIP = NO;
				DEBUG_INFORMATION_FORMAT = dwarf;
				ENABLE_STRICT_OBJC_MSGSEND = YES;
				ENABLE_TESTABILITY = YES;
				GCC_C_LANGUAGE_STANDARD = gnu11;
				GCC_DYNAMIC_NO_PIC = NO;
				GCC_NO_COMMON_BLOCKS = YES;
				GCC_OPTIMIZATION_LEVEL = 0;
				GCC_PREPROCESSOR_DEFINITIONS = (
					"DEBUG=1",
					"$(inherited)",
				);
				GCC_WARN_64_TO_32_BIT_CONVERSION = YES;
				GCC_WARN_ABOUT_RETURN_TYPE = YES_ERROR;
				GCC_WARN_UNDECLARED_SELECTOR = YES;
				GCC_WARN_UNINITIALIZED_AUTOS = YES_AGGRESSIVE;
				GCC_WARN_UNUSED_FUNCTION = YES;
				GCC_WARN_UNUSED_VARIABLE = YES;
				INFOPLIST_FILE = GlobalAutomatedMarketMakerUnitTest/Info.plist;
				LD_RUNPATH_SEARCH_PATHS = (
					"$(inherited)",
					"@executable_path/../Frameworks",
					"@loader_path/../Frameworks",
				);
				MACOSX_DEPLOYMENT_TARGET = 10.13;
				MTL_ENABLE_DEBUG_INFO = INCLUDE_SOURCE;
				MTL_FAST_MATH = YES;
				ONLY_ACTIVE_ARCH = YES;
				PRODUCT_BUNDLE_IDENTIFIER = gnosis.GlobalAutomatedMarketMakerUnitTest;
				PRODUCT_NAME = "$(TARGET_NAME)";
				SDKROOT = macosx;
				SWIFT_ACTIVE_COMPILATION_CONDITIONS = DEBUG;
				SWIFT_OPTIMIZATION_LEVEL = "-Onone";
				SWIFT_VERSION = 4.2;
			};
			name = Debug;
		};
		0875917721D51713008AD8F1 /* Release */ = {
			isa = XCBuildConfiguration;
			buildSettings = {
				ALWAYS_SEARCH_USER_PATHS = NO;
				CLANG_ANALYZER_NONNULL = YES;
				CLANG_ANALYZER_NUMBER_OBJECT_CONVERSION = YES_AGGRESSIVE;
				CLANG_CXX_LANGUAGE_STANDARD = "gnu++14";
				CLANG_CXX_LIBRARY = "libc++";
				CLANG_ENABLE_MODULES = YES;
				CLANG_ENABLE_OBJC_ARC = YES;
				CLANG_ENABLE_OBJC_WEAK = YES;
				CLANG_WARN_BLOCK_CAPTURE_AUTORELEASING = YES;
				CLANG_WARN_BOOL_CONVERSION = YES;
				CLANG_WARN_COMMA = YES;
				CLANG_WARN_CONSTANT_CONVERSION = YES;
				CLANG_WARN_DEPRECATED_OBJC_IMPLEMENTATIONS = YES;
				CLANG_WARN_DIRECT_OBJC_ISA_USAGE = YES_ERROR;
				CLANG_WARN_DOCUMENTATION_COMMENTS = YES;
				CLANG_WARN_EMPTY_BODY = YES;
				CLANG_WARN_ENUM_CONVERSION = YES;
				CLANG_WARN_INFINITE_RECURSION = YES;
				CLANG_WARN_INT_CONVERSION = YES;
				CLANG_WARN_NON_LITERAL_NULL_CONVERSION = YES;
				CLANG_WARN_OBJC_IMPLICIT_RETAIN_SELF = YES;
				CLANG_WARN_OBJC_LITERAL_CONVERSION = YES;
				CLANG_WARN_OBJC_ROOT_CLASS = YES_ERROR;
				CLANG_WARN_RANGE_LOOP_ANALYSIS = YES;
				CLANG_WARN_STRICT_PROTOTYPES = YES;
				CLANG_WARN_SUSPICIOUS_MOVE = YES;
				CLANG_WARN_UNGUARDED_AVAILABILITY = YES_AGGRESSIVE;
				CLANG_WARN_UNREACHABLE_CODE = YES;
				CLANG_WARN__DUPLICATE_METHOD_MATCH = YES;
				CODE_SIGN_IDENTITY = "-";
				CODE_SIGN_STYLE = Automatic;
				COMBINE_HIDPI_IMAGES = YES;
				COPY_PHASE_STRIP = NO;
				DEBUG_INFORMATION_FORMAT = "dwarf-with-dsym";
				ENABLE_NS_ASSERTIONS = NO;
				ENABLE_STRICT_OBJC_MSGSEND = YES;
				GCC_C_LANGUAGE_STANDARD = gnu11;
				GCC_NO_COMMON_BLOCKS = YES;
				GCC_WARN_64_TO_32_BIT_CONVERSION = YES;
				GCC_WARN_ABOUT_RETURN_TYPE = YES_ERROR;
				GCC_WARN_UNDECLARED_SELECTOR = YES;
				GCC_WARN_UNINITIALIZED_AUTOS = YES_AGGRESSIVE;
				GCC_WARN_UNUSED_FUNCTION = YES;
				GCC_WARN_UNUSED_VARIABLE = YES;
				INFOPLIST_FILE = GlobalAutomatedMarketMakerUnitTest/Info.plist;
				LD_RUNPATH_SEARCH_PATHS = (
					"$(inherited)",
					"@executable_path/../Frameworks",
					"@loader_path/../Frameworks",
				);
				MACOSX_DEPLOYMENT_TARGET = 10.13;
				MTL_ENABLE_DEBUG_INFO = NO;
				MTL_FAST_MATH = YES;
				PRODUCT_BUNDLE_IDENTIFIER = gnosis.GlobalAutomatedMarketMakerUnitTest;
				PRODUCT_NAME = "$(TARGET_NAME)";
				SDKROOT = macosx;
				SWIFT_COMPILATION_MODE = wholemodule;
				SWIFT_OPTIMIZATION_LEVEL = "-O";
				SWIFT_VERSION = 4.2;
			};
			name = Release;
		};
		08BBA31921D50863005A0E5D /* Debug */ = {
			isa = XCBuildConfiguration;
			buildSettings = {
			};
			name = Debug;
		};
		08BBA31A21D50863005A0E5D /* Release */ = {
			isa = XCBuildConfiguration;
			buildSettings = {
			};
			name = Release;
		};
/* End XCBuildConfiguration section */

/* Begin XCConfigurationList section */
		0871220321D50E1A00B677B0 /* Build configuration list for PBXNativeTarget "GlobalAutomatedMarketMaker" */ = {
			isa = XCConfigurationList;
			buildConfigurations = (
				0871220421D50E1A00B677B0 /* Debug */,
				0871220521D50E1A00B677B0 /* Release */,
			);
			defaultConfigurationIsVisible = 0;
			defaultConfigurationName = Release;
		};
		0875917821D51713008AD8F1 /* Build configuration list for PBXNativeTarget "GlobalAutomatedMarketMakerUnitTest" */ = {
			isa = XCConfigurationList;
			buildConfigurations = (
				0875917621D51713008AD8F1 /* Debug */,
				0875917721D51713008AD8F1 /* Release */,
			);
			defaultConfigurationIsVisible = 0;
			defaultConfigurationName = Release;
		};
		08BBA31821D50863005A0E5D /* Build configuration list for PBXProject "GlobalAutomatedMarketMaker" */ = {
			isa = XCConfigurationList;
			buildConfigurations = (
				08BBA31921D50863005A0E5D /* Debug */,
				08BBA31A21D50863005A0E5D /* Release */,
			);
			defaultConfigurationIsVisible = 0;
			defaultConfigurationName = Release;
		};
/* End XCConfigurationList section */
	};
	rootObject = 08BBA31521D50863005A0E5D /* Project object */;
}
